
Microsoft Visual Studio Solution File, Format Version 12.00
# Visual Studio Version 16
VisualStudioVersion = 16.0.31019.35
MinimumVisualStudioVersion = 10.0.40219.1
Project("{FAE04EC0-301F-11D3-BF4B-00C04F79EFBC}") = "AppDemo.UWP", "AppDemo\AppDemo.UWP\AppDemo.UWP.csproj", "{16F77E43-9E16-4B8C-9B6A-FD5786B0D724}"
EndProject
Project("{FAE04EC0-301F-11D3-BF4B-00C04F79EFBC}") = "AppDemo.Android", "AppDemo\AppDemo.Android\AppDemo.Android.csproj", "{8E2959FC-864F-4D39-837F-875152EC8330}"
EndProject
Project("{FAE04EC0-301F-11D3-BF4B-00C04F79EFBC}") = "AppDemo.iOS", "AppDemo\AppDemo.iOS\AppDemo.iOS.csproj", "{E927A6B0-20EB-4ABC-8755-162442CEE388}"
EndProject
Project("{FAE04EC0-301F-11D3-BF4B-00C04F79EFBC}") = "AppDemo", "AppDemo\AppDemo\AppDemo.csproj", "{191F7BC0-CB64-4C6E-A35E-F36973B2CEAB}"
EndProject
Global
	GlobalSection(SolutionConfigurationPlatforms) = preSolution
		Debug|Any CPU = Debug|Any CPU
		Debug|ARM = Debug|ARM
		Debug|iPhone = Debug|iPhone
		Debug|iPhoneSimulator = Debug|iPhoneSimulator
		Debug|x64 = Debug|x64
		Debug|x86 = Debug|x86
		Release|Any CPU = Release|Any CPU
		Release|ARM = Release|ARM
		Release|iPhone = Release|iPhone
		Release|iPhoneSimulator = Release|iPhoneSimulator
		Release|x64 = Release|x64
		Release|x86 = Release|x86
	EndGlobalSection
	GlobalSection(ProjectConfigurationPlatforms) = postSolution
		{16F77E43-9E16-4B8C-9B6A-FD5786B0D724}.Debug|Any CPU.ActiveCfg = Debug|x86
		{16F77E43-9E16-4B8C-9B6A-FD5786B0D724}.Debug|Any CPU.Build.0 = Debug|x86
		{16F77E43-9E16-4B8C-9B6A-FD5786B0D724}.Debug|Any CPU.Deploy.0 = Debug|x86
		{16F77E43-9E16-4B8C-9B6A-FD5786B0D724}.Debug|ARM.ActiveCfg = Debug|ARM
		{16F77E43-9E16-4B8C-9B6A-FD5786B0D724}.Debug|ARM.Build.0 = Debug|ARM
		{16F77E43-9E16-4B8C-9B6A-FD5786B0D724}.Debug|ARM.Deploy.0 = Debug|ARM
		{16F77E43-9E16-4B8C-9B6A-FD5786B0D724}.Debug|iPhone.ActiveCfg = Debug|x86
		{16F77E43-9E16-4B8C-9B6A-FD5786B0D724}.Debug|iPhone.Build.0 = Debug|x86
		{16F77E43-9E16-4B8C-9B6A-FD5786B0D724}.Debug|iPhone.Deploy.0 = Debug|x86
		{16F77E43-9E16-4B8C-9B6A-FD5786B0D724}.Debug|iPhoneSimulator.ActiveCfg = Debug|x86
		{16F77E43-9E16-4B8C-9B6A-FD5786B0D724}.Debug|iPhoneSimulator.Build.0 = Debug|x86
		{16F77E43-9E16-4B8C-9B6A-FD5786B0D724}.Debug|iPhoneSimulator.Deploy.0 = Debug|x86
		{16F77E43-9E16-4B8C-9B6A-FD5786B0D724}.Debug|x64.ActiveCfg = Debug|x64
		{16F77E43-9E16-4B8C-9B6A-FD5786B0D724}.Debug|x64.Build.0 = Debug|x64
		{16F77E43-9E16-4B8C-9B6A-FD5786B0D724}.Debug|x64.Deploy.0 = Debug|x64
		{16F77E43-9E16-4B8C-9B6A-FD5786B0D724}.Debug|x86.ActiveCfg = Debug|x86
		{16F77E43-9E16-4B8C-9B6A-FD5786B0D724}.Debug|x86.Build.0 = Debug|x86
		{16F77E43-9E16-4B8C-9B6A-FD5786B0D724}.Debug|x86.Deploy.0 = Debug|x86
		{16F77E43-9E16-4B8C-9B6A-FD5786B0D724}.Release|Any CPU.ActiveCfg = Release|x86
		{16F77E43-9E16-4B8C-9B6A-FD5786B0D724}.Release|Any CPU.Build.0 = Release|x86
		{16F77E43-9E16-4B8C-9B6A-FD5786B0D724}.Release|Any CPU.Deploy.0 = Release|x86
		{16F77E43-9E16-4B8C-9B6A-FD5786B0D724}.Release|ARM.ActiveCfg = Release|ARM
		{16F77E43-9E16-4B8C-9B6A-FD5786B0D724}.Release|ARM.Build.0 = Release|ARM
		{16F77E43-9E16-4B8C-9B6A-FD5786B0D724}.Release|ARM.Deploy.0 = Release|ARM
		{16F77E43-9E16-4B8C-9B6A-FD5786B0D724}.Release|iPhone.ActiveCfg = Release|x86
		{16F77E43-9E16-4B8C-9B6A-FD5786B0D724}.Release|iPhone.Build.0 = Release|x86
		{16F77E43-9E16-4B8C-9B6A-FD5786B0D724}.Release|iPhone.Deploy.0 = Release|x86
		{16F77E43-9E16-4B8C-9B6A-FD5786B0D724}.Release|iPhoneSimulator.ActiveCfg = Release|x86
		{16F77E43-9E16-4B8C-9B6A-FD5786B0D724}.Release|iPhoneSimulator.Build.0 = Release|x86
		{16F77E43-9E16-4B8C-9B6A-FD5786B0D724}.Release|iPhoneSimulator.Deploy.0 = Release|x86
		{16F77E43-9E16-4B8C-9B6A-FD5786B0D724}.Release|x64.ActiveCfg = Release|x64
		{16F77E43-9E16-4B8C-9B6A-FD5786B0D724}.Release|x64.Build.0 = Release|x64
		{16F77E43-9E16-4B8C-9B6A-FD5786B0D724}.Release|x64.Deploy.0 = Release|x64
		{16F77E43-9E16-4B8C-9B6A-FD5786B0D724}.Release|x86.ActiveCfg = Release|x86
		{16F77E43-9E16-4B8C-9B6A-FD5786B0D724}.Release|x86.Build.0 = Release|x86
		{16F77E43-9E16-4B8C-9B6A-FD5786B0D724}.Release|x86.Deploy.0 = Release|x86
		{8E2959FC-864F-4D39-837F-875152EC8330}.Debug|Any CPU.ActiveCfg = Debug|Any CPU
		{8E2959FC-864F-4D39-837F-875152EC8330}.Debug|Any CPU.Build.0 = Debug|Any CPU
		{8E2959FC-864F-4D39-837F-875152EC8330}.Debug|Any CPU.Deploy.0 = Debug|Any CPU
		{8E2959FC-864F-4D39-837F-875152EC8330}.Debug|ARM.ActiveCfg = Debug|Any CPU
		{8E2959FC-864F-4D39-837F-875152EC8330}.Debug|ARM.Build.0 = Debug|Any CPU
		{8E2959FC-864F-4D39-837F-875152EC8330}.Debug|ARM.Deploy.0 = Debug|Any CPU
		{8E2959FC-864F-4D39-837F-875152EC8330}.Debug|iPhone.ActiveCfg = Debug|Any CPU
		{8E2959FC-864F-4D39-837F-875152EC8330}.Debug|iPhone.Build.0 = Debug|Any CPU
		{8E2959FC-864F-4D39-837F-875152EC8330}.Debug|iPhone.Deploy.0 = Debug|Any CPU
		{8E2959FC-864F-4D39-837F-875152EC8330}.Debug|iPhoneSimulator.ActiveCfg = Debug|Any CPU
		{8E2959FC-864F-4D39-837F-875152EC8330}.Debug|iPhoneSimulator.Build.0 = Debug|Any CPU
		{8E2959FC-864F-4D39-837F-875152EC8330}.Debug|iPhoneSimulator.Deploy.0 = Debug|Any CPU
		{8E2959FC-864F-4D39-837F-875152EC8330}.Debug|x64.ActiveCfg = Debug|Any CPU
		{8E2959FC-864F-4D39-837F-875152EC8330}.Debug|x64.Build.0 = Debug|Any CPU
		{8E2959FC-864F-4D39-837F-875152EC8330}.Debug|x64.Deploy.0 = Debug|Any CPU
		{8E2959FC-864F-4D39-837F-875152EC8330}.Debug|x86.ActiveCfg = Debug|Any CPU
		{8E2959FC-864F-4D39-837F-875152EC8330}.Debug|x86.Build.0 = Debug|Any CPU
		{8E2959FC-864F-4D39-837F-875152EC8330}.Debug|x86.Deploy.0 = Debug|Any CPU
		{8E2959FC-864F-4D39-837F-875152EC8330}.Release|Any CPU.ActiveCfg = Release|Any CPU
		{8E2959FC-864F-4D39-837F-875152EC8330}.Release|Any CPU.Build.0 = Release|Any CPU
		{8E2959FC-864F-4D39-837F-875152EC8330}.Release|Any CPU.Deploy.0 = Release|Any CPU
		{8E2959FC-864F-4D39-837F-875152EC8330}.Release|ARM.ActiveCfg = Release|Any CPU
		{8E2959FC-864F-4D39-837F-875152EC8330}.Release|ARM.Build.0 = Release|Any CPU
		{8E2959FC-864F-4D39-837F-875152EC8330}.Release|ARM.Deploy.0 = Release|Any CPU
		{8E2959FC-864F-4D39-837F-875152EC8330}.Release|iPhone.ActiveCfg = Release|Any CPU
		{8E2959FC-864F-4D39-837F-875152EC8330}.Release|iPhone.Build.0 = Release|Any CPU
		{8E2959FC-864F-4D39-837F-875152EC8330}.Release|iPhone.Deploy.0 = Release|Any CPU
		{8E2959FC-864F-4D39-837F-875152EC8330}.Release|iPhoneSimulator.ActiveCfg = Release|Any CPU
		{8E2959FC-864F-4D39-837F-875152EC8330}.Release|iPhoneSimulator.Build.0 = Release|Any CPU
		{8E2959FC-864F-4D39-837F-875152EC8330}.Release|iPhoneSimulator.Deploy.0 = Release|Any CPU
		{8E2959FC-864F-4D39-837F-875152EC8330}.Release|x64.ActiveCfg = Release|Any CPU
		{8E2959FC-864F-4D39-837F-875152EC8330}.Release|x64.Build.0 = Release|Any CPU
		{8E2959FC-864F-4D39-837F-875152EC8330}.Release|x64.Deploy.0 = Release|Any CPU
		{8E2959FC-864F-4D39-837F-875152EC8330}.Release|x86.ActiveCfg = Release|Any CPU
		{8E2959FC-864F-4D39-837F-875152EC8330}.Release|x86.Build.0 = Release|Any CPU
		{8E2959FC-864F-4D39-837F-875152EC8330}.Release|x86.Deploy.0 = Release|Any CPU
		{E927A6B0-20EB-4ABC-8755-162442CEE388}.Debug|Any CPU.ActiveCfg = Debug|iPhoneSimulator
		{E927A6B0-20EB-4ABC-8755-162442CEE388}.Debug|Any CPU.Build.0 = Debug|iPhoneSimulator
		{E927A6B0-20EB-4ABC-8755-162442CEE388}.Debug|Any CPU.Deploy.0 = Debug|iPhoneSimulator
		{E927A6B0-20EB-4ABC-8755-162442CEE388}.Debug|ARM.ActiveCfg = Debug|iPhone
		{E927A6B0-20EB-4ABC-8755-162442CEE388}.Debug|ARM.Build.0 = Debug|iPhone
		{E927A6B0-20EB-4ABC-8755-162442CEE388}.Debug|ARM.Deploy.0 = Debug|iPhone
		{E927A6B0-20EB-4ABC-8755-162442CEE388}.Debug|iPhone.ActiveCfg = Debug|iPhone
		{E927A6B0-20EB-4ABC-8755-162442CEE388}.Debug|iPhone.Build.0 = Debug|iPhone
		{E927A6B0-20EB-4ABC-8755-162442CEE388}.Debug|iPhone.Deploy.0 = Debug|iPhone
		{E927A6B0-20EB-4ABC-8755-162442CEE388}.Debug|iPhoneSimulator.ActiveCfg = Debug|iPhoneSimulator
		{E927A6B0-20EB-4ABC-8755-162442CEE388}.Debug|iPhoneSimulator.Build.0 = Debug|iPhoneSimulator
		{E927A6B0-20EB-4ABC-8755-162442CEE388}.Debug|iPhoneSimulator.Deploy.0 = Debug|iPhoneSimulator
		{E927A6B0-20EB-4ABC-8755-162442CEE388}.Debug|x64.ActiveCfg = Debug|iPhoneSimulator
		{E927A6B0-20EB-4ABC-8755-162442CEE388}.Debug|x64.Build.0 = Debug|iPhoneSimulator
		{E927A6B0-20EB-4ABC-8755-162442CEE388}.Debug|x64.Deploy.0 = Debug|iPhoneSimulator
		{E927A6B0-20EB-4ABC-8755-162442CEE388}.Debug|x86.ActiveCfg = Debug|iPhoneSimulator
		{E927A6B0-20EB-4ABC-8755-162442CEE388}.Debug|x86.Build.0 = Debug|iPhoneSimulator
		{E927A6B0-20EB-4ABC-8755-162442CEE388}.Debug|x86.Deploy.0 = Debug|iPhoneSimulator
		{E927A6B0-20EB-4ABC-8755-162442CEE388}.Release|Any CPU.ActiveCfg = Release|iPhoneSimulator
		{E927A6B0-20EB-4ABC-8755-162442CEE388}.Release|Any CPU.Build.0 = Release|iPhoneSimulator
		{E927A6B0-20EB-4ABC-8755-162442CEE388}.Release|Any CPU.Deploy.0 = Release|iPhoneSimulator
		{E927A6B0-20EB-4ABC-8755-162442CEE388}.Release|ARM.ActiveCfg = Release|iPhoneSimulator
		{E927A6B0-20EB-4ABC-8755-162442CEE388}.Release|ARM.Build.0 = Release|iPhoneSimulator
		{E927A6B0-20EB-4ABC-8755-162442CEE388}.Release|ARM.Deploy.0 = Release|iPhoneSimulator
		{E927A6B0-20EB-4ABC-8755-162442CEE388}.Release|iPhone.ActiveCfg = Release|iPhone
		{E927A6B0-20EB-4ABC-8755-162442CEE388}.Release|iPhone.Build.0 = Release|iPhone
		{E927A6B0-20EB-4ABC-8755-162442CEE388}.Release|iPhone.Deploy.0 = Release|iPhone
		{E927A6B0-20EB-4ABC-8755-162442CEE388}.Release|iPhoneSimulator.ActiveCfg = Release|iPhoneSimulator
		{E927A6B0-20EB-4ABC-8755-162442CEE388}.Release|iPhoneSimulator.Build.0 = Release|iPhoneSimulator
		{E927A6B0-20EB-4ABC-8755-162442CEE388}.Release|iPhoneSimulator.Deploy.0 = Release|iPhoneSimulator
		{E927A6B0-20EB-4ABC-8755-162442CEE388}.Release|x64.ActiveCfg = Release|iPhoneSimulator
		{E927A6B0-20EB-4ABC-8755-162442CEE388}.Release|x64.Build.0 = Release|iPhoneSimulator
		{E927A6B0-20EB-4ABC-8755-162442CEE388}.Release|x64.Deploy.0 = Release|iPhoneSimulator
		{E927A6B0-20EB-4ABC-8755-162442CEE388}.Release|x86.ActiveCfg = Release|iPhoneSimulator
		{E927A6B0-20EB-4ABC-8755-162442CEE388}.Release|x86.Build.0 = Release|iPhoneSimulator
		{E927A6B0-20EB-4ABC-8755-162442CEE388}.Release|x86.Deploy.0 = Release|iPhoneSimulator
		{191F7BC0-CB64-4C6E-A35E-F36973B2CEAB}.Debug|Any CPU.ActiveCfg = Debug|Any CPU
		{191F7BC0-CB64-4C6E-A35E-F36973B2CEAB}.Debug|Any CPU.Build.0 = Debug|Any CPU
		{191F7BC0-CB64-4C6E-A35E-F36973B2CEAB}.Debug|Any CPU.Deploy.0 = Debug|Any CPU
		{191F7BC0-CB64-4C6E-A35E-F36973B2CEAB}.Debug|ARM.ActiveCfg = Debug|Any CPU
		{191F7BC0-CB64-4C6E-A35E-F36973B2CEAB}.Debug|ARM.Build.0 = Debug|Any CPU
		{191F7BC0-CB64-4C6E-A35E-F36973B2CEAB}.Debug|ARM.Deploy.0 = Debug|Any CPU
		{191F7BC0-CB64-4C6E-A35E-F36973B2CEAB}.Debug|iPhone.ActiveCfg = Debug|Any CPU
		{191F7BC0-CB64-4C6E-A35E-F36973B2CEAB}.Debug|iPhone.Build.0 = Debug|Any CPU
		{191F7BC0-CB64-4C6E-A35E-F36973B2CEAB}.Debug|iPhone.Deploy.0 = Debug|Any CPU
		{191F7BC0-CB64-4C6E-A35E-F36973B2CEAB}.Debug|iPhoneSimulator.ActiveCfg = Debug|Any CPU
		{191F7BC0-CB64-4C6E-A35E-F36973B2CEAB}.Debug|iPhoneSimulator.Build.0 = Debug|Any CPU
		{191F7BC0-CB64-4C6E-A35E-F36973B2CEAB}.Debug|iPhoneSimulator.Deploy.0 = Debug|Any CPU
		{191F7BC0-CB64-4C6E-A35E-F36973B2CEAB}.Debug|x64.ActiveCfg = Debug|Any CPU
		{191F7BC0-CB64-4C6E-A35E-F36973B2CEAB}.Debug|x64.Build.0 = Debug|Any CPU
		{191F7BC0-CB64-4C6E-A35E-F36973B2CEAB}.Debug|x64.Deploy.0 = Debug|Any CPU
		{191F7BC0-CB64-4C6E-A35E-F36973B2CEAB}.Debug|x86.ActiveCfg = Debug|Any CPU
		{191F7BC0-CB64-4C6E-A35E-F36973B2CEAB}.Debug|x86.Build.0 = Debug|Any CPU
		{191F7BC0-CB64-4C6E-A35E-F36973B2CEAB}.Debug|x86.Deploy.0 = Debug|Any CPU
		{191F7BC0-CB64-4C6E-A35E-F36973B2CEAB}.Release|Any CPU.ActiveCfg = Release|Any CPU
		{191F7BC0-CB64-4C6E-A35E-F36973B2CEAB}.Release|Any CPU.Build.0 = Release|Any CPU
		{191F7BC0-CB64-4C6E-A35E-F36973B2CEAB}.Release|Any CPU.Deploy.0 = Release|Any CPU
		{191F7BC0-CB64-4C6E-A35E-F36973B2CEAB}.Release|ARM.ActiveCfg = Release|Any CPU
		{191F7BC0-CB64-4C6E-A35E-F36973B2CEAB}.Release|ARM.Build.0 = Release|Any CPU
		{191F7BC0-CB64-4C6E-A35E-F36973B2CEAB}.Release|ARM.Deploy.0 = Release|Any CPU
		{191F7BC0-CB64-4C6E-A35E-F36973B2CEAB}.Release|iPhone.ActiveCfg = Release|Any CPU
		{191F7BC0-CB64-4C6E-A35E-F36973B2CEAB}.Release|iPhone.Build.0 = Release|Any CPU
		{191F7BC0-CB64-4C6E-A35E-F36973B2CEAB}.Release|iPhone.Deploy.0 = Release|Any CPU
		{191F7BC0-CB64-4C6E-A35E-F36973B2CEAB}.Release|iPhoneSimulator.ActiveCfg = Release|Any CPU
		{191F7BC0-CB64-4C6E-A35E-F36973B2CEAB}.Release|iPhoneSimulator.Build.0 = Release|Any CPU
		{191F7BC0-CB64-4C6E-A35E-F36973B2CEAB}.Release|iPhoneSimulator.Deploy.0 = Release|Any CPU
		{191F7BC0-CB64-4C6E-A35E-F36973B2CEAB}.Release|x64.ActiveCfg = Release|Any CPU
		{191F7BC0-CB64-4C6E-A35E-F36973B2CEAB}.Release|x64.Build.0 = Release|Any CPU
		{191F7BC0-CB64-4C6E-A35E-F36973B2CEAB}.Release|x64.Deploy.0 = Release|Any CPU
		{191F7BC0-CB64-4C6E-A35E-F36973B2CEAB}.Release|x86.ActiveCfg = Release|Any CPU
		{191F7BC0-CB64-4C6E-A35E-F36973B2CEAB}.Release|x86.Build.0 = Release|Any CPU
		{191F7BC0-CB64-4C6E-A35E-F36973B2CEAB}.Release|x86.Deploy.0 = Release|Any CPU
	EndGlobalSection
	GlobalSection(SolutionProperties) = preSolution
		HideSolutionNode = FALSE
	EndGlobalSection
	GlobalSection(ExtensibilityGlobals) = postSolution
		SolutionGuid = {9B0B66AF-2637-4778-8560-19628E0CB897}
	EndGlobalSection
EndGlobal
